
Microsoft Visual Studio Solution File, Format Version 12.00
# Visual Studio 15
VisualStudioVersion = 15.0.28307.757
MinimumVisualStudioVersion = 10.0.40219.1
Project("{FAE04EC0-301F-11D3-BF4B-00C04F79EFBC}") = "Senai.AutoPecas.Api", "Senai.AutoPecas.Api\Senai.AutoPecas.Api.csproj", "{3095B12F-16E2-4752-ACC4-CDEB8AD08E6D}"
EndProject
Global
	GlobalSection(SolutionConfigurationPlatforms) = preSolution
		Debug|Any CPU = Debug|Any CPU
		Release|Any CPU = Release|Any CPU
	EndGlobalSection
	GlobalSection(ProjectConfigurationPlatforms) = postSolution
		{3095B12F-16E2-4752-ACC4-CDEB8AD08E6D}.Debug|Any CPU.ActiveCfg = Debug|Any CPU
		{3095B12F-16E2-4752-ACC4-CDEB8AD08E6D}.Debug|Any CPU.Build.0 = Debug|Any CPU
		{3095B12F-16E2-4752-ACC4-CDEB8AD08E6D}.Release|Any CPU.ActiveCfg = Release|Any CPU
		{3095B12F-16E2-4752-ACC4-CDEB8AD08E6D}.Release|Any CPU.Build.0 = Release|Any CPU
	EndGlobalSection
	GlobalSection(SolutionProperties) = preSolution
		HideSolutionNode = FALSE
	EndGlobalSection
	GlobalSection(ExtensibilityGlobals) = postSolution
		SolutionGuid = {BABD2F26-5395-46DF-9D89-EC692C8FCF4B}
	EndGlobalSection
EndGlobal
